// !$*UTF8*$!
{
	archiveVersion = 1;
	classes = {
	};
	objectVersion = 55;
	objects = {

/* Begin PBXBuildFile section */
		C7A96BF228CB09B9007AD632 /* MoviesApp.swift in Sources */ = {isa = PBXBuildFile; fileRef = C7A96BF128CB09B9007AD632 /* MoviesApp.swift */; };
		C7A96BF428CB09B9007AD632 /* ContentView.swift in Sources */ = {isa = PBXBuildFile; fileRef = C7A96BF328CB09B9007AD632 /* ContentView.swift */; };
		C7A96BF628CB09BB007AD632 /* Assets.xcassets in Resources */ = {isa = PBXBuildFile; fileRef = C7A96BF528CB09BB007AD632 /* Assets.xcassets */; };
		C7A96BF928CB09BB007AD632 /* Preview Assets.xcassets in Resources */ = {isa = PBXBuildFile; fileRef = C7A96BF828CB09BB007AD632 /* Preview Assets.xcassets */; };
		C7A96C0D28CB09BB007AD632 /* MoviesUITests.swift in Sources */ = {isa = PBXBuildFile; fileRef = C7A96C0C28CB09BB007AD632 /* MoviesUITests.swift */; };
		C7A96C0F28CB09BB007AD632 /* MoviesUITestsLaunchTests.swift in Sources */ = {isa = PBXBuildFile; fileRef = C7A96C0E28CB09BB007AD632 /* MoviesUITestsLaunchTests.swift */; };
		C7A96C1E28CB0C83007AD632 /* Movie.swift in Sources */ = {isa = PBXBuildFile; fileRef = C7A96C1D28CB0C83007AD632 /* Movie.swift */; };
		C7A96C2728CB3B41007AD632 /* Constants.swift in Sources */ = {isa = PBXBuildFile; fileRef = C7A96C2628CB3B41007AD632 /* Constants.swift */; };
		C7A96C2C28CB73CB007AD632 /* MovieViewModel.swift in Sources */ = {isa = PBXBuildFile; fileRef = C7A96C2B28CB73CB007AD632 /* MovieViewModel.swift */; };
		C7A96C2F28CB75F4007AD632 /* MovieAPIService.swift in Sources */ = {isa = PBXBuildFile; fileRef = C7A96C2E28CB75F4007AD632 /* MovieAPIService.swift */; };
		C7A96C3128CB8351007AD632 /* MovieApiServiceTests.swift in Sources */ = {isa = PBXBuildFile; fileRef = C7A96C3028CB8351007AD632 /* MovieApiServiceTests.swift */; };
		C7A96C3328CB84D4007AD632 /* URLSessionStub.swift in Sources */ = {isa = PBXBuildFile; fileRef = C7A96C3228CB84D4007AD632 /* URLSessionStub.swift */; };
		C7A96C3728CB8A64007AD632 /* TestConstants.swift in Sources */ = {isa = PBXBuildFile; fileRef = C7A96C3628CB8A64007AD632 /* TestConstants.swift */; };
		C7A96C3928CCB23E007AD632 /* URLSessionProtocol.swift in Sources */ = {isa = PBXBuildFile; fileRef = C7A96C3828CCB23E007AD632 /* URLSessionProtocol.swift */; };
		C7A96C3B28CCFE2E007AD632 /* APIResponse.swift in Sources */ = {isa = PBXBuildFile; fileRef = C7A96C3A28CCFE2E007AD632 /* APIResponse.swift */; };
		C7A96C3D28CDE312007AD632 /* MovieViewModelTests.swift in Sources */ = {isa = PBXBuildFile; fileRef = C7A96C3C28CDE312007AD632 /* MovieViewModelTests.swift */; };
		C7A96C3F28CDE366007AD632 /* MockMovieAPIService.swift in Sources */ = {isa = PBXBuildFile; fileRef = C7A96C3E28CDE366007AD632 /* MockMovieAPIService.swift */; };
		C7A96C4128CDE378007AD632 /* APIServiceProtocol.swift in Sources */ = {isa = PBXBuildFile; fileRef = C7A96C4028CDE378007AD632 /* APIServiceProtocol.swift */; };
		C7A96C4528CE1A75007AD632 /* MovieTileView.swift in Sources */ = {isa = PBXBuildFile; fileRef = C7A96C4428CE1A75007AD632 /* MovieTileView.swift */; };
		C7A96C4728CEF0EA007AD632 /* MovieDetailView.swift in Sources */ = {isa = PBXBuildFile; fileRef = C7A96C4628CEF0EA007AD632 /* MovieDetailView.swift */; };
		C7A96C4928CEF464007AD632 /* RatingView.swift in Sources */ = {isa = PBXBuildFile; fileRef = C7A96C4828CEF464007AD632 /* RatingView.swift */; };
		C7A96C4D28CF2339007AD632 /* AsyncImageView.swift in Sources */ = {isa = PBXBuildFile; fileRef = C7A96C4C28CF2339007AD632 /* AsyncImageView.swift */; };
/* End PBXBuildFile section */

/* Begin PBXContainerItemProxy section */
		C7A96BFF28CB09BB007AD632 /* PBXContainerItemProxy */ = {
			isa = PBXContainerItemProxy;
			containerPortal = C7A96BE628CB09B9007AD632 /* Project object */;
			proxyType = 1;
			remoteGlobalIDString = C7A96BED28CB09B9007AD632;
			remoteInfo = Movies;
		};
		C7A96C0928CB09BB007AD632 /* PBXContainerItemProxy */ = {
			isa = PBXContainerItemProxy;
			containerPortal = C7A96BE628CB09B9007AD632 /* Project object */;
			proxyType = 1;
			remoteGlobalIDString = C7A96BED28CB09B9007AD632;
			remoteInfo = Movies;
		};
/* End PBXContainerItemProxy section */

/* Begin PBXFileReference section */
		C7A96BEE28CB09B9007AD632 /* Movies.app */ = {isa = PBXFileReference; explicitFileType = wrapper.application; includeInIndex = 0; path = Movies.app; sourceTree = BUILT_PRODUCTS_DIR; };
		C7A96BF128CB09B9007AD632 /* MoviesApp.swift */ = {isa = PBXFileReference; lastKnownFileType = sourcecode.swift; path = MoviesApp.swift; sourceTree = "<group>"; };
		C7A96BF328CB09B9007AD632 /* ContentView.swift */ = {isa = PBXFileReference; lastKnownFileType = sourcecode.swift; path = ContentView.swift; sourceTree = "<group>"; };
		C7A96BF528CB09BB007AD632 /* Assets.xcassets */ = {isa = PBXFileReference; lastKnownFileType = folder.assetcatalog; path = Assets.xcassets; sourceTree = "<group>"; };
		C7A96BF828CB09BB007AD632 /* Preview Assets.xcassets */ = {isa = PBXFileReference; lastKnownFileType = folder.assetcatalog; path = "Preview Assets.xcassets"; sourceTree = "<group>"; };
		C7A96BFE28CB09BB007AD632 /* MoviesTests.xctest */ = {isa = PBXFileReference; explicitFileType = wrapper.cfbundle; includeInIndex = 0; path = MoviesTests.xctest; sourceTree = BUILT_PRODUCTS_DIR; };
		C7A96C0828CB09BB007AD632 /* MoviesUITests.xctest */ = {isa = PBXFileReference; explicitFileType = wrapper.cfbundle; includeInIndex = 0; path = MoviesUITests.xctest; sourceTree = BUILT_PRODUCTS_DIR; };
		C7A96C0C28CB09BB007AD632 /* MoviesUITests.swift */ = {isa = PBXFileReference; lastKnownFileType = sourcecode.swift; path = MoviesUITests.swift; sourceTree = "<group>"; };
		C7A96C0E28CB09BB007AD632 /* MoviesUITestsLaunchTests.swift */ = {isa = PBXFileReference; lastKnownFileType = sourcecode.swift; path = MoviesUITestsLaunchTests.swift; sourceTree = "<group>"; };
		C7A96C1D28CB0C83007AD632 /* Movie.swift */ = {isa = PBXFileReference; lastKnownFileType = sourcecode.swift; path = Movie.swift; sourceTree = "<group>"; };
		C7A96C2628CB3B41007AD632 /* Constants.swift */ = {isa = PBXFileReference; lastKnownFileType = sourcecode.swift; path = Constants.swift; sourceTree = "<group>"; };
		C7A96C2B28CB73CB007AD632 /* MovieViewModel.swift */ = {isa = PBXFileReference; lastKnownFileType = sourcecode.swift; path = MovieViewModel.swift; sourceTree = "<group>"; };
		C7A96C2E28CB75F4007AD632 /* MovieAPIService.swift */ = {isa = PBXFileReference; lastKnownFileType = sourcecode.swift; path = MovieAPIService.swift; sourceTree = "<group>"; };
		C7A96C3028CB8351007AD632 /* MovieApiServiceTests.swift */ = {isa = PBXFileReference; lastKnownFileType = sourcecode.swift; path = MovieApiServiceTests.swift; sourceTree = "<group>"; };
		C7A96C3228CB84D4007AD632 /* URLSessionStub.swift */ = {isa = PBXFileReference; lastKnownFileType = sourcecode.swift; path = URLSessionStub.swift; sourceTree = "<group>"; };
		C7A96C3628CB8A64007AD632 /* TestConstants.swift */ = {isa = PBXFileReference; lastKnownFileType = sourcecode.swift; path = TestConstants.swift; sourceTree = "<group>"; };
		C7A96C3828CCB23E007AD632 /* URLSessionProtocol.swift */ = {isa = PBXFileReference; lastKnownFileType = sourcecode.swift; path = URLSessionProtocol.swift; sourceTree = "<group>"; };
		C7A96C3A28CCFE2E007AD632 /* APIResponse.swift */ = {isa = PBXFileReference; lastKnownFileType = sourcecode.swift; path = APIResponse.swift; sourceTree = "<group>"; };
		C7A96C3C28CDE312007AD632 /* MovieViewModelTests.swift */ = {isa = PBXFileReference; lastKnownFileType = sourcecode.swift; path = MovieViewModelTests.swift; sourceTree = "<group>"; };
		C7A96C3E28CDE366007AD632 /* MockMovieAPIService.swift */ = {isa = PBXFileReference; lastKnownFileType = sourcecode.swift; path = MockMovieAPIService.swift; sourceTree = "<group>"; };
		C7A96C4028CDE378007AD632 /* APIServiceProtocol.swift */ = {isa = PBXFileReference; lastKnownFileType = sourcecode.swift; path = APIServiceProtocol.swift; sourceTree = "<group>"; };
		C7A96C4428CE1A75007AD632 /* MovieTileView.swift */ = {isa = PBXFileReference; lastKnownFileType = sourcecode.swift; path = MovieTileView.swift; sourceTree = "<group>"; };
		C7A96C4628CEF0EA007AD632 /* MovieDetailView.swift */ = {isa = PBXFileReference; lastKnownFileType = sourcecode.swift; path = MovieDetailView.swift; sourceTree = "<group>"; };
		C7A96C4828CEF464007AD632 /* RatingView.swift */ = {isa = PBXFileReference; lastKnownFileType = sourcecode.swift; path = RatingView.swift; sourceTree = "<group>"; };
		C7A96C4C28CF2339007AD632 /* AsyncImageView.swift */ = {isa = PBXFileReference; lastKnownFileType = sourcecode.swift; path = AsyncImageView.swift; sourceTree = "<group>"; };
/* End PBXFileReference section */

/* Begin PBXFrameworksBuildPhase section */
		C7A96BEB28CB09B9007AD632 /* Frameworks */ = {
			isa = PBXFrameworksBuildPhase;
			buildActionMask = 2147483647;
			files = (
			);
			runOnlyForDeploymentPostprocessing = 0;
		};
		C7A96BFB28CB09BB007AD632 /* Frameworks */ = {
			isa = PBXFrameworksBuildPhase;
			buildActionMask = 2147483647;
			files = (
			);
			runOnlyForDeploymentPostprocessing = 0;
		};
		C7A96C0528CB09BB007AD632 /* Frameworks */ = {
			isa = PBXFrameworksBuildPhase;
			buildActionMask = 2147483647;
			files = (
			);
			runOnlyForDeploymentPostprocessing = 0;
		};
/* End PBXFrameworksBuildPhase section */

/* Begin PBXGroup section */
		C7A96BE528CB09B9007AD632 = {
			isa = PBXGroup;
			children = (
				C7A96BF028CB09B9007AD632 /* Movies */,
				C7A96C0128CB09BB007AD632 /* MoviesTests */,
				C7A96C0B28CB09BB007AD632 /* MoviesUITests */,
				C7A96BEF28CB09B9007AD632 /* Products */,
			);
			sourceTree = "<group>";
		};
		C7A96BEF28CB09B9007AD632 /* Products */ = {
			isa = PBXGroup;
			children = (
				C7A96BEE28CB09B9007AD632 /* Movies.app */,
				C7A96BFE28CB09BB007AD632 /* MoviesTests.xctest */,
				C7A96C0828CB09BB007AD632 /* MoviesUITests.xctest */,
			);
			name = Products;
			sourceTree = "<group>";
		};
		C7A96BF028CB09B9007AD632 /* Movies */ = {
			isa = PBXGroup;
			children = (
				C7A96C2D28CB75D2007AD632 /* Services */,
				C7A96C2A28CB737D007AD632 /* ViewModels */,
				C7A96C2528CB3B35007AD632 /* Resources */,
				C7A96C1C28CB0C41007AD632 /* Models */,
				C7A96C1B28CB0C36007AD632 /* Views */,
				C7A96BF128CB09B9007AD632 /* MoviesApp.swift */,
				C7A96BF528CB09BB007AD632 /* Assets.xcassets */,
				C7A96BF728CB09BB007AD632 /* Preview Content */,
			);
			path = Movies;
			sourceTree = "<group>";
		};
		C7A96BF728CB09BB007AD632 /* Preview Content */ = {
			isa = PBXGroup;
			children = (
				C7A96BF828CB09BB007AD632 /* Preview Assets.xcassets */,
			);
			path = "Preview Content";
			sourceTree = "<group>";
		};
		C7A96C0128CB09BB007AD632 /* MoviesTests */ = {
			isa = PBXGroup;
			children = (
				C7A96C3028CB8351007AD632 /* MovieApiServiceTests.swift */,
				C7A96C3228CB84D4007AD632 /* URLSessionStub.swift */,
				C7A96C3628CB8A64007AD632 /* TestConstants.swift */,
				C7A96C3C28CDE312007AD632 /* MovieViewModelTests.swift */,
				C7A96C3E28CDE366007AD632 /* MockMovieAPIService.swift */,
			);
			path = MoviesTests;
			sourceTree = "<group>";
		};
		C7A96C0B28CB09BB007AD632 /* MoviesUITests */ = {
			isa = PBXGroup;
			children = (
				C7A96C0C28CB09BB007AD632 /* MoviesUITests.swift */,
				C7A96C0E28CB09BB007AD632 /* MoviesUITestsLaunchTests.swift */,
			);
			path = MoviesUITests;
			sourceTree = "<group>";
		};
		C7A96C1B28CB0C36007AD632 /* Views */ = {
			isa = PBXGroup;
			children = (
				C7A96BF328CB09B9007AD632 /* ContentView.swift */,
				C7A96C4428CE1A75007AD632 /* MovieTileView.swift */,
				C7A96C4628CEF0EA007AD632 /* MovieDetailView.swift */,
				C7A96C4828CEF464007AD632 /* RatingView.swift */,
				C7A96C4C28CF2339007AD632 /* AsyncImageView.swift */,
			);
			path = Views;
			sourceTree = "<group>";
		};
		C7A96C1C28CB0C41007AD632 /* Models */ = {
			isa = PBXGroup;
			children = (
				C7A96C1D28CB0C83007AD632 /* Movie.swift */,
			);
			path = Models;
			sourceTree = "<group>";
		};
		C7A96C2528CB3B35007AD632 /* Resources */ = {
			isa = PBXGroup;
			children = (
				C7A96C2628CB3B41007AD632 /* Constants.swift */,
			);
			path = Resources;
			sourceTree = "<group>";
		};
		C7A96C2A28CB737D007AD632 /* ViewModels */ = {
			isa = PBXGroup;
			children = (
				C7A96C2B28CB73CB007AD632 /* MovieViewModel.swift */,
			);
			path = ViewModels;
			sourceTree = "<group>";
		};
		C7A96C2D28CB75D2007AD632 /* Services */ = {
			isa = PBXGroup;
			children = (
				C7A96C2E28CB75F4007AD632 /* MovieAPIService.swift */,
				C7A96C3828CCB23E007AD632 /* URLSessionProtocol.swift */,
				C7A96C3A28CCFE2E007AD632 /* APIResponse.swift */,
				C7A96C4028CDE378007AD632 /* APIServiceProtocol.swift */,
			);
			path = Services;
			sourceTree = "<group>";
		};
/* End PBXGroup section */

/* Begin PBXNativeTarget section */
		C7A96BED28CB09B9007AD632 /* Movies */ = {
			isa = PBXNativeTarget;
			buildConfigurationList = C7A96C1228CB09BB007AD632 /* Build configuration list for PBXNativeTarget "Movies" */;
			buildPhases = (
				C7A96BEA28CB09B9007AD632 /* Sources */,
				C7A96BEB28CB09B9007AD632 /* Frameworks */,
				C7A96BEC28CB09B9007AD632 /* Resources */,
			);
			buildRules = (
			);
			dependencies = (
			);
			name = Movies;
			productName = Movies;
			productReference = C7A96BEE28CB09B9007AD632 /* Movies.app */;
			productType = "com.apple.product-type.application";
		};
		C7A96BFD28CB09BB007AD632 /* MoviesTests */ = {
			isa = PBXNativeTarget;
			buildConfigurationList = C7A96C1528CB09BB007AD632 /* Build configuration list for PBXNativeTarget "MoviesTests" */;
			buildPhases = (
				C7A96BFA28CB09BB007AD632 /* Sources */,
				C7A96BFB28CB09BB007AD632 /* Frameworks */,
				C7A96BFC28CB09BB007AD632 /* Resources */,
			);
			buildRules = (
			);
			dependencies = (
				C7A96C0028CB09BB007AD632 /* PBXTargetDependency */,
			);
			name = MoviesTests;
			productName = MoviesTests;
			productReference = C7A96BFE28CB09BB007AD632 /* MoviesTests.xctest */;
			productType = "com.apple.product-type.bundle.unit-test";
		};
		C7A96C0728CB09BB007AD632 /* MoviesUITests */ = {
			isa = PBXNativeTarget;
			buildConfigurationList = C7A96C1828CB09BB007AD632 /* Build configuration list for PBXNativeTarget "MoviesUITests" */;
			buildPhases = (
				C7A96C0428CB09BB007AD632 /* Sources */,
				C7A96C0528CB09BB007AD632 /* Frameworks */,
				C7A96C0628CB09BB007AD632 /* Resources */,
			);
			buildRules = (
			);
			dependencies = (
				C7A96C0A28CB09BB007AD632 /* PBXTargetDependency */,
			);
			name = MoviesUITests;
			productName = MoviesUITests;
			productReference = C7A96C0828CB09BB007AD632 /* MoviesUITests.xctest */;
			productType = "com.apple.product-type.bundle.ui-testing";
		};
/* End PBXNativeTarget section */

/* Begin PBXProject section */
		C7A96BE628CB09B9007AD632 /* Project object */ = {
			isa = PBXProject;
			attributes = {
				BuildIndependentTargetsInParallel = 1;
				LastSwiftUpdateCheck = 1340;
				LastUpgradeCheck = 1340;
				TargetAttributes = {
					C7A96BED28CB09B9007AD632 = {
						CreatedOnToolsVersion = 13.4.1;
					};
					C7A96BFD28CB09BB007AD632 = {
						CreatedOnToolsVersion = 13.4.1;
						TestTargetID = C7A96BED28CB09B9007AD632;
					};
					C7A96C0728CB09BB007AD632 = {
						CreatedOnToolsVersion = 13.4.1;
						TestTargetID = C7A96BED28CB09B9007AD632;
					};
				};
			};
			buildConfigurationList = C7A96BE928CB09B9007AD632 /* Build configuration list for PBXProject "Movies" */;
			compatibilityVersion = "Xcode 13.0";
			developmentRegion = en;
			hasScannedForEncodings = 0;
			knownRegions = (
				en,
				Base,
			);
			mainGroup = C7A96BE528CB09B9007AD632;
			productRefGroup = C7A96BEF28CB09B9007AD632 /* Products */;
			projectDirPath = "";
			projectRoot = "";
			targets = (
				C7A96BED28CB09B9007AD632 /* Movies */,
				C7A96BFD28CB09BB007AD632 /* MoviesTests */,
				C7A96C0728CB09BB007AD632 /* MoviesUITests */,
			);
		};
/* End PBXProject section */

/* Begin PBXResourcesBuildPhase section */
		C7A96BEC28CB09B9007AD632 /* Resources */ = {
			isa = PBXResourcesBuildPhase;
			buildActionMask = 2147483647;
			files = (
				C7A96BF928CB09BB007AD632 /* Preview Assets.xcassets in Resources */,
				C7A96BF628CB09BB007AD632 /* Assets.xcassets in Resources */,
			);
			runOnlyForDeploymentPostprocessing = 0;
		};
		C7A96BFC28CB09BB007AD632 /* Resources */ = {
			isa = PBXResourcesBuildPhase;
			buildActionMask = 2147483647;
			files = (
			);
			runOnlyForDeploymentPostprocessing = 0;
		};
		C7A96C0628CB09BB007AD632 /* Resources */ = {
			isa = PBXResourcesBuildPhase;
			buildActionMask = 2147483647;
			files = (
			);
			runOnlyForDeploymentPostprocessing = 0;
		};
/* End PBXResourcesBuildPhase section */

/* Begin PBXSourcesBuildPhase section */
		C7A96BEA28CB09B9007AD632 /* Sources */ = {
			isa = PBXSourcesBuildPhase;
			buildActionMask = 2147483647;
			files = (
				C7A96C4D28CF2339007AD632 /* AsyncImageView.swift in Sources */,
				C7A96C4128CDE378007AD632 /* APIServiceProtocol.swift in Sources */,
				C7A96C3928CCB23E007AD632 /* URLSessionProtocol.swift in Sources */,
				C7A96C4528CE1A75007AD632 /* MovieTileView.swift in Sources */,
				C7A96C2728CB3B41007AD632 /* Constants.swift in Sources */,
				C7A96BF428CB09B9007AD632 /* ContentView.swift in Sources */,
				C7A96C2F28CB75F4007AD632 /* MovieAPIService.swift in Sources */,
				C7A96C4728CEF0EA007AD632 /* MovieDetailView.swift in Sources */,
				C7A96C4928CEF464007AD632 /* RatingView.swift in Sources */,
				C7A96C2C28CB73CB007AD632 /* MovieViewModel.swift in Sources */,
				C7A96C3B28CCFE2E007AD632 /* APIResponse.swift in Sources */,
				C7A96BF228CB09B9007AD632 /* MoviesApp.swift in Sources */,
				C7A96C1E28CB0C83007AD632 /* Movie.swift in Sources */,
			);
			runOnlyForDeploymentPostprocessing = 0;
		};
		C7A96BFA28CB09BB007AD632 /* Sources */ = {
			isa = PBXSourcesBuildPhase;
			buildActionMask = 2147483647;
			files = (
				C7A96C3F28CDE366007AD632 /* MockMovieAPIService.swift in Sources */,
				C7A96C3128CB8351007AD632 /* MovieApiServiceTests.swift in Sources */,
				C7A96C3328CB84D4007AD632 /* URLSessionStub.swift in Sources */,
				C7A96C3D28CDE312007AD632 /* MovieViewModelTests.swift in Sources */,
				C7A96C3728CB8A64007AD632 /* TestConstants.swift in Sources */,
			);
			runOnlyForDeploymentPostprocessing = 0;
		};
		C7A96C0428CB09BB007AD632 /* Sources */ = {
			isa = PBXSourcesBuildPhase;
			buildActionMask = 2147483647;
			files = (
				C7A96C0D28CB09BB007AD632 /* MoviesUITests.swift in Sources */,
				C7A96C0F28CB09BB007AD632 /* MoviesUITestsLaunchTests.swift in Sources */,
			);
			runOnlyForDeploymentPostprocessing = 0;
		};
/* End PBXSourcesBuildPhase section */

/* Begin PBXTargetDependency section */
		C7A96C0028CB09BB007AD632 /* PBXTargetDependency */ = {
			isa = PBXTargetDependency;
			target = C7A96BED28CB09B9007AD632 /* Movies */;
			targetProxy = C7A96BFF28CB09BB007AD632 /* PBXContainerItemProxy */;
		};
		C7A96C0A28CB09BB007AD632 /* PBXTargetDependency */ = {
			isa = PBXTargetDependency;
			target = C7A96BED28CB09B9007AD632 /* Movies */;
			targetProxy = C7A96C0928CB09BB007AD632 /* PBXContainerItemProxy */;
		};
/* End PBXTargetDependency section */

/* Begin XCBuildConfiguration section */
		C7A96C1028CB09BB007AD632 /* Debug */ = {
			isa = XCBuildConfiguration;
			buildSettings = {
				ALWAYS_SEARCH_USER_PATHS = NO;
				CLANG_ANALYZER_NONNULL = YES;
				CLANG_ANALYZER_NUMBER_OBJECT_CONVERSION = YES_AGGRESSIVE;
				CLANG_CXX_LANGUAGE_STANDARD = "gnu++17";
				CLANG_ENABLE_MODULES = YES;
				CLANG_ENABLE_OBJC_ARC = YES;
				CLANG_ENABLE_OBJC_WEAK = YES;
				CLANG_WARN_BLOCK_CAPTURE_AUTORELEASING = YES;
				CLANG_WARN_BOOL_CONVERSION = YES;
				CLANG_WARN_COMMA = YES;
				CLANG_WARN_CONSTANT_CONVERSION = YES;
				CLANG_WARN_DEPRECATED_OBJC_IMPLEMENTATIONS = YES;
				CLANG_WARN_DIRECT_OBJC_ISA_USAGE = YES_ERROR;
				CLANG_WARN_DOCUMENTATION_COMMENTS = YES;
				CLANG_WARN_EMPTY_BODY = YES;
				CLANG_WARN_ENUM_CONVERSION = YES;
				CLANG_WARN_INFINITE_RECURSION = YES;
				CLANG_WARN_INT_CONVERSION = YES;
				CLANG_WARN_NON_LITERAL_NULL_CONVERSION = YES;
				CLANG_WARN_OBJC_IMPLICIT_RETAIN_SELF = YES;
				CLANG_WARN_OBJC_LITERAL_CONVERSION = YES;
				CLANG_WARN_OBJC_ROOT_CLASS = YES_ERROR;
				CLANG_WARN_QUOTED_INCLUDE_IN_FRAMEWORK_HEADER = YES;
				CLANG_WARN_RANGE_LOOP_ANALYSIS = YES;
				CLANG_WARN_STRICT_PROTOTYPES = YES;
				CLANG_WARN_SUSPICIOUS_MOVE = YES;
				CLANG_WARN_UNGUARDED_AVAILABILITY = YES_AGGRESSIVE;
				CLANG_WARN_UNREACHABLE_CODE = YES;
				CLANG_WARN__DUPLICATE_METHOD_MATCH = YES;
				COPY_PHASE_STRIP = NO;
				DEBUG_INFORMATION_FORMAT = dwarf;
				ENABLE_STRICT_OBJC_MSGSEND = YES;
				ENABLE_TESTABILITY = YES;
				GCC_C_LANGUAGE_STANDARD = gnu11;
				GCC_DYNAMIC_NO_PIC = NO;
				GCC_NO_COMMON_BLOCKS = YES;
				GCC_OPTIMIZATION_LEVEL = 0;
				GCC_PREPROCESSOR_DEFINITIONS = (
					"DEBUG=1",
					"$(inherited)",
				);
				GCC_WARN_64_TO_32_BIT_CONVERSION = YES;
				GCC_WARN_ABOUT_RETURN_TYPE = YES_ERROR;
				GCC_WARN_UNDECLARED_SELECTOR = YES;
				GCC_WARN_UNINITIALIZED_AUTOS = YES_AGGRESSIVE;
				GCC_WARN_UNUSED_FUNCTION = YES;
				GCC_WARN_UNUSED_VARIABLE = YES;
				IPHONEOS_DEPLOYMENT_TARGET = 15.5;
				MTL_ENABLE_DEBUG_INFO = INCLUDE_SOURCE;
				MTL_FAST_MATH = YES;
				ONLY_ACTIVE_ARCH = YES;
				SDKROOT = iphoneos;
				SWIFT_ACTIVE_COMPILATION_CONDITIONS = DEBUG;
				SWIFT_OPTIMIZATION_LEVEL = "-Onone";
			};
			name = Debug;
		};
		C7A96C1128CB09BB007AD632 /* Release */ = {
			isa = XCBuildConfiguration;
			buildSettings = {
				ALWAYS_SEARCH_USER_PATHS = NO;
				CLANG_ANALYZER_NONNULL = YES;
				CLANG_ANALYZER_NUMBER_OBJECT_CONVERSION = YES_AGGRESSIVE;
				CLANG_CXX_LANGUAGE_STANDARD = "gnu++17";
				CLANG_ENABLE_MODULES = YES;
				CLANG_ENABLE_OBJC_ARC = YES;
				CLANG_ENABLE_OBJC_WEAK = YES;
				CLANG_WARN_BLOCK_CAPTURE_AUTORELEASING = YES;
				CLANG_WARN_BOOL_CONVERSION = YES;
				CLANG_WARN_COMMA = YES;
				CLANG_WARN_CONSTANT_CONVERSION = YES;
				CLANG_WARN_DEPRECATED_OBJC_IMPLEMENTATIONS = YES;
				CLANG_WARN_DIRECT_OBJC_ISA_USAGE = YES_ERROR;
				CLANG_WARN_DOCUMENTATION_COMMENTS = YES;
				CLANG_WARN_EMPTY_BODY = YES;
				CLANG_WARN_ENUM_CONVERSION = YES;
				CLANG_WARN_INFINITE_RECURSION = YES;
				CLANG_WARN_INT_CONVERSION = YES;
				CLANG_WARN_NON_LITERAL_NULL_CONVERSION = YES;
				CLANG_WARN_OBJC_IMPLICIT_RETAIN_SELF = YES;
				CLANG_WARN_OBJC_LITERAL_CONVERSION = YES;
				CLANG_WARN_OBJC_ROOT_CLASS = YES_ERROR;
				CLANG_WARN_QUOTED_INCLUDE_IN_FRAMEWORK_HEADER = YES;
				CLANG_WARN_RANGE_LOOP_ANALYSIS = YES;
				CLANG_WARN_STRICT_PROTOTYPES = YES;
				CLANG_WARN_SUSPICIOUS_MOVE = YES;
				CLANG_WARN_UNGUARDED_AVAILABILITY = YES_AGGRESSIVE;
				CLANG_WARN_UNREACHABLE_CODE = YES;
				CLANG_WARN__DUPLICATE_METHOD_MATCH = YES;
				COPY_PHASE_STRIP = NO;
				DEBUG_INFORMATION_FORMAT = "dwarf-with-dsym";
				ENABLE_NS_ASSERTIONS = NO;
				ENABLE_STRICT_OBJC_MSGSEND = YES;
				GCC_C_LANGUAGE_STANDARD = gnu11;
				GCC_NO_COMMON_BLOCKS = YES;
				GCC_WARN_64_TO_32_BIT_CONVERSION = YES;
				GCC_WARN_ABOUT_RETURN_TYPE = YES_ERROR;
				GCC_WARN_UNDECLARED_SELECTOR = YES;
				GCC_WARN_UNINITIALIZED_AUTOS = YES_AGGRESSIVE;
				GCC_WARN_UNUSED_FUNCTION = YES;
				GCC_WARN_UNUSED_VARIABLE = YES;
				IPHONEOS_DEPLOYMENT_TARGET = 15.5;
				MTL_ENABLE_DEBUG_INFO = NO;
				MTL_FAST_MATH = YES;
				SDKROOT = iphoneos;
				SWIFT_COMPILATION_MODE = wholemodule;
				SWIFT_OPTIMIZATION_LEVEL = "-O";
				VALIDATE_PRODUCT = YES;
			};
			name = Release;
		};
		C7A96C1328CB09BB007AD632 /* Debug */ = {
			isa = XCBuildConfiguration;
			buildSettings = {
				ASSETCATALOG_COMPILER_APPICON_NAME = AppIcon;
				ASSETCATALOG_COMPILER_GLOBAL_ACCENT_COLOR_NAME = AccentColor;
				CODE_SIGN_STYLE = Automatic;
				CURRENT_PROJECT_VERSION = 1;
				DEVELOPMENT_ASSET_PATHS = "\"Movies/Preview Content\"";
				DEVELOPMENT_TEAM = 9FXHBSH5SX;
				ENABLE_PREVIEWS = YES;
				GENERATE_INFOPLIST_FILE = YES;
				INFOPLIST_KEY_UIApplicationSceneManifest_Generation = YES;
				INFOPLIST_KEY_UIApplicationSupportsIndirectInputEvents = YES;
				INFOPLIST_KEY_UILaunchScreen_Generation = YES;
				INFOPLIST_KEY_UISupportedInterfaceOrientations_iPad = "UIInterfaceOrientationPortrait UIInterfaceOrientationPortraitUpsideDown UIInterfaceOrientationLandscapeLeft UIInterfaceOrientationLandscapeRight";
				INFOPLIST_KEY_UISupportedInterfaceOrientations_iPhone = "UIInterfaceOrientationPortrait UIInterfaceOrientationLandscapeLeft UIInterfaceOrientationLandscapeRight";
				LD_RUNPATH_SEARCH_PATHS = (
					"$(inherited)",
					"@executable_path/Frameworks",
				);
				MARKETING_VERSION = 1.0;
				PRODUCT_BUNDLE_IDENTIFIER = com.thevibegod.Movies;
				PRODUCT_NAME = "$(TARGET_NAME)";
				SWIFT_EMIT_LOC_STRINGS = YES;
				SWIFT_VERSION = 5.0;
				TARGETED_DEVICE_FAMILY = "1,2";
			};
			name = Debug;
		};
		C7A96C1428CB09BB007AD632 /* Release */ = {
			isa = XCBuildConfiguration;
			buildSettings = {
				ASSETCATALOG_COMPILER_APPICON_NAME = AppIcon;
				ASSETCATALOG_COMPILER_GLOBAL_ACCENT_COLOR_NAME = AccentColor;
				CODE_SIGN_STYLE = Automatic;
				CURRENT_PROJECT_VERSION = 1;
				DEVELOPMENT_ASSET_PATHS = "\"Movies/Preview Content\"";
				DEVELOPMENT_TEAM = 9FXHBSH5SX;
				ENABLE_PREVIEWS = YES;
				GENERATE_INFOPLIST_FILE = YES;
				INFOPLIST_KEY_UIApplicationSceneManifest_Generation = YES;
				INFOPLIST_KEY_UIApplicationSupportsIndirectInputEvents = YES;
				INFOPLIST_KEY_UILaunchScreen_Generation = YES;
				INFOPLIST_KEY_UISupportedInterfaceOrientations_iPad = "UIInterfaceOrientationPortrait UIInterfaceOrientationPortraitUpsideDown UIInterfaceOrientationLandscapeLeft UIInterfaceOrientationLandscapeRight";
				INFOPLIST_KEY_UISupportedInterfaceOrientations_iPhone = "UIInterfaceOrientationPortrait UIInterfaceOrientationLandscapeLeft UIInterfaceOrientationLandscapeRight";
				LD_RUNPATH_SEARCH_PATHS = (
					"$(inherited)",
					"@executable_path/Frameworks",
				);
				MARKETING_VERSION = 1.0;
				PRODUCT_BUNDLE_IDENTIFIER = com.thevibegod.Movies;
				PRODUCT_NAME = "$(TARGET_NAME)";
				SWIFT_EMIT_LOC_STRINGS = YES;
				SWIFT_VERSION = 5.0;
				TARGETED_DEVICE_FAMILY = "1,2";
			};
			name = Release;
		};
		C7A96C1628CB09BB007AD632 /* Debug */ = {
			isa = XCBuildConfiguration;
			buildSettings = {
				ALWAYS_EMBED_SWIFT_STANDARD_LIBRARIES = YES;
				BUNDLE_LOADER = "$(TEST_HOST)";
				CODE_SIGN_STYLE = Automatic;
				CURRENT_PROJECT_VERSION = 1;
				DEVELOPMENT_TEAM = 9FXHBSH5SX;
				GENERATE_INFOPLIST_FILE = YES;
				IPHONEOS_DEPLOYMENT_TARGET = 15.5;
				MARKETING_VERSION = 1.0;
				PRODUCT_BUNDLE_IDENTIFIER = com.thevibegod.MoviesTests;
				PRODUCT_NAME = "$(TARGET_NAME)";
				SWIFT_EMIT_LOC_STRINGS = NO;
				SWIFT_VERSION = 5.0;
				TARGETED_DEVICE_FAMILY = "1,2";
				TEST_HOST = "$(BUILT_PRODUCTS_DIR)/Movies.app/Movies";
			};
			name = Debug;
		};
		C7A96C1728CB09BB007AD632 /* Release */ = {
			isa = XCBuildConfiguration;
			buildSettings = {
				ALWAYS_EMBED_SWIFT_STANDARD_LIBRARIES = YES;
				BUNDLE_LOADER = "$(TEST_HOST)";
				CODE_SIGN_STYLE = Automatic;
				CURRENT_PROJECT_VERSION = 1;
				DEVELOPMENT_TEAM = 9FXHBSH5SX;
				GENERATE_INFOPLIST_FILE = YES;
				IPHONEOS_DEPLOYMENT_TARGET = 15.5;
				MARKETING_VERSION = 1.0;
				PRODUCT_BUNDLE_IDENTIFIER = com.thevibegod.MoviesTests;
				PRODUCT_NAME = "$(TARGET_NAME)";
				SWIFT_EMIT_LOC_STRINGS = NO;
				SWIFT_VERSION = 5.0;
				TARGETED_DEVICE_FAMILY = "1,2";
				TEST_HOST = "$(BUILT_PRODUCTS_DIR)/Movies.app/Movies";
			};
			name = Release;
		};
		C7A96C1928CB09BB007AD632 /* Debug */ = {
			isa = XCBuildConfiguration;
			buildSettings = {
				ALWAYS_EMBED_SWIFT_STANDARD_LIBRARIES = YES;
				CODE_SIGN_STYLE = Automatic;
				CURRENT_PROJECT_VERSION = 1;
				DEVELOPMENT_TEAM = 9FXHBSH5SX;
				GENERATE_INFOPLIST_FILE = YES;
				MARKETING_VERSION = 1.0;
				PRODUCT_BUNDLE_IDENTIFIER = com.thevibegod.MoviesUITests;
				PRODUCT_NAME = "$(TARGET_NAME)";
				SWIFT_EMIT_LOC_STRINGS = NO;
				SWIFT_VERSION = 5.0;
				TARGETED_DEVICE_FAMILY = "1,2";
				TEST_TARGET_NAME = Movies;
			};
			name = Debug;
		};
		C7A96C1A28CB09BB007AD632 /* Release */ = {
			isa = XCBuildConfiguration;
			buildSettings = {
				ALWAYS_EMBED_SWIFT_STANDARD_LIBRARIES = YES;
				CODE_SIGN_STYLE = Automatic;
				CURRENT_PROJECT_VERSION = 1;
				DEVELOPMENT_TEAM = 9FXHBSH5SX;
				GENERATE_INFOPLIST_FILE = YES;
				MARKETING_VERSION = 1.0;
				PRODUCT_BUNDLE_IDENTIFIER = com.thevibegod.MoviesUITests;
				PRODUCT_NAME = "$(TARGET_NAME)";
				SWIFT_EMIT_LOC_STRINGS = NO;
				SWIFT_VERSION = 5.0;
				TARGETED_DEVICE_FAMILY = "1,2";
				TEST_TARGET_NAME = Movies;
			};
			name = Release;
		};
/* End XCBuildConfiguration section */

/* Begin XCConfigurationList section */
		C7A96BE928CB09B9007AD632 /* Build configuration list for PBXProject "Movies" */ = {
			isa = XCConfigurationList;
			buildConfigurations = (
				C7A96C1028CB09BB007AD632 /* Debug */,
				C7A96C1128CB09BB007AD632 /* Release */,
			);
			defaultConfigurationIsVisible = 0;
			defaultConfigurationName = Release;
		};
		C7A96C1228CB09BB007AD632 /* Build configuration list for PBXNativeTarget "Movies" */ = {
			isa = XCConfigurationList;
			buildConfigurations = (
				C7A96C1328CB09BB007AD632 /* Debug */,
				C7A96C1428CB09BB007AD632 /* Release */,
			);
			defaultConfigurationIsVisible = 0;
			defaultConfigurationName = Release;
		};
		C7A96C1528CB09BB007AD632 /* Build configuration list for PBXNativeTarget "MoviesTests" */ = {
			isa = XCConfigurationList;
			buildConfigurations = (
				C7A96C1628CB09BB007AD632 /* Debug */,
				C7A96C1728CB09BB007AD632 /* Release */,
			);
			defaultConfigurationIsVisible = 0;
			defaultConfigurationName = Release;
		};
		C7A96C1828CB09BB007AD632 /* Build configuration list for PBXNativeTarget "MoviesUITests" */ = {
			isa = XCConfigurationList;
			buildConfigurations = (
				C7A96C1928CB09BB007AD632 /* Debug */,
				C7A96C1A28CB09BB007AD632 /* Release */,
			);
			defaultConfigurationIsVisible = 0;
			defaultConfigurationName = Release;
		};
/* End XCConfigurationList section */
	};
	rootObject = C7A96BE628CB09B9007AD632 /* Project object */;
}
